PODS:
  - Alamofire (4.3.0)
  - Kingfisher (3.2.4)
  - MJRefresh (3.1.12)
  - SnapKit (3.1.2)
  - SwiftyJSON (3.1.4)

DEPENDENCIES:
  - Alamofire
  - Kingfisher
  - MJRefresh
  - SnapKit
  - SwiftyJSON

SPEC CHECKSUMS:
  Alamofire: 856a113053a7bc9cbe5d6367a555d773fc5cfef7
  Kingfisher: 8d80f39da403cd9c9ee11984e1655f4d6a566cdb
  MJRefresh: b96cdb21c4aa75a7b07654311ab2f315c497e806
  SnapKit: 12b24f569cb7c143acc9c22b9d91b23e7b1c84a2
  SwiftyJSON: c2842d878f95482ffceec5709abc3d05680c0220

PODFILE CHECKSUM: ccffb74e0a6b01447a5dfde6db2ac3fea040222f

COCOAPODS: 1.1.1
